
Microsoft Visual Studio Solution File, Format Version 12.00
# Visual Studio Version 17
VisualStudioVersion = 17.6.33829.357
MinimumVisualStudioVersion = 10.0.40219.1
Project("{FAE04EC0-301F-11D3-BF4B-00C04F79EFBC}") = "FinalYearProject", "FinalYearProject.csproj", "{BF8E0EFA-226F-4870-9B4B-B4FEF1E94F2F}"
EndProject
Global
	GlobalSection(SolutionConfigurationPlatforms) = preSolution
		Debug|Any CPU = Debug|Any CPU
		Release|Any CPU = Release|Any CPU
	EndGlobalSection
	GlobalSection(ProjectConfigurationPlatforms) = postSolution
		{BF8E0EFA-226F-4870-9B4B-B4FEF1E94F2F}.Debug|Any CPU.ActiveCfg = Debug|Any CPU
		{BF8E0EFA-226F-4870-9B4B-B4FEF1E94F2F}.Debug|Any CPU.Build.0 = Debug|Any CPU
		{BF8E0EFA-226F-4870-9B4B-B4FEF1E94F2F}.Release|Any CPU.ActiveCfg = Release|Any CPU
		{BF8E0EFA-226F-4870-9B4B-B4FEF1E94F2F}.Release|Any CPU.Build.0 = Release|Any CPU
	EndGlobalSection
	GlobalSection(SolutionProperties) = preSolution
		HideSolutionNode = FALSE
	EndGlobalSection
	GlobalSection(ExtensibilityGlobals) = postSolution
		SolutionGuid = {61620D9C-C792-4843-AAA1-6F6C4629DC12}
	EndGlobalSection
EndGlobal
